PODS:
  - PRCategoryKit (83):
    - PRCategoryKit/Category (= 83)
    - PRCategoryKit/SSKeychain (= 83)
    - PRCategoryKit/Tool (= 83)
  - PRCategoryKit/Category (83)
  - PRCategoryKit/SSKeychain (83)
  - PRCategoryKit/Tool (83):
    - PRCategoryKit/Tool/Appliance (= 83)
    - PRCategoryKit/Tool/View (= 83)
  - PRCategoryKit/Tool/Appliance (83):
    - PRCategoryKit/Tool/Appliance/NoticeCameraCategory (= 83)
  - PRCategoryKit/Tool/Appliance/NoticeCameraCategory (83)
  - PRCategoryKit/Tool/View (83)

DEPENDENCIES:
  - PRCategoryKit (from `../`)

EXTERNAL SOURCES:
  PRCategoryKit:
    :path: ../

SPEC CHECKSUMS:
  PRCategoryKit: 3555a14933cf7096f49ee0fe858b8ed2106da65d

PODFILE CHECKSUM: b598c9babae77cadb8f08af9a4f9c2000cc49315

COCOAPODS: 1.4.0.beta.1
