PODS:
  - PRCategoryKit (48):
    - PRCategoryKit/Category (= 48)
    - PRCategoryKit/SSKeychain (= 48)
  - PRCategoryKit/Category (48)
  - PRCategoryKit/SSKeychain (48)

DEPENDENCIES:
  - PRCategoryKit (from `../`)

EXTERNAL SOURCES:
  PRCategoryKit:
    :path: ../

SPEC CHECKSUMS:
  PRCategoryKit: 8bd428f9642e2b5e8483b7a48c5341e8f411eabe

PODFILE CHECKSUM: b598c9babae77cadb8f08af9a4f9c2000cc49315

COCOAPODS: 1.4.0.beta.1
