PODS:
  - Category (0.0.3)
  - PRCategoryKit (23):
    - PRCategoryKit/Category (= 23)
    - PRCategoryKit/SSKeychain (= 23)
    - PRCategoryKit/Tool (= 23)
  - PRCategoryKit/Category (23)
  - PRCategoryKit/SSKeychain (23)
  - PRCategoryKit/Tool (23):
    - Category

DEPENDENCIES:
  - PRCategoryKit (from `../`)

EXTERNAL SOURCES:
  PRCategoryKit:
    :path: ../

SPEC CHECKSUMS:
  Category: b30ab3bc89d2823702114bedd805846925d81e3c
  PRCategoryKit: 085b269a4933a8c5789dbf802f5e324d48d086db

PODFILE CHECKSUM: b598c9babae77cadb8f08af9a4f9c2000cc49315

COCOAPODS: 1.4.0.beta.1
